// !$*UTF8*$!
{
	archiveVersion = 1;
	classes = {
	};
	objectVersion = 46;
	objects = {

/* Begin PBXBuildFile section */
		75190BCC168CA65B00364E2B /* ViewControllerInscription.m in Sources */ = {isa = PBXBuildFile; fileRef = 75190BCB168CA65B00364E2B /* ViewControllerInscription.m */; };
		75A64AED16AAAD6D00EFACCE /* ViewControllerAfficherProfil.m in Sources */ = {isa = PBXBuildFile; fileRef = 75A64AEC16AAAD6D00EFACCE /* ViewControllerAfficherProfil.m */; };
		75ADBF5916A875F800939381 /* StoryboardSegueCustomLeftToRight.m in Sources */ = {isa = PBXBuildFile; fileRef = 75ADBF5816A875F800939381 /* StoryboardSegueCustomLeftToRight.m */; };
		75ADBF5B16A87A8C00939381 /* QuartzCore.framework in Frameworks */ = {isa = PBXBuildFile; fileRef = 75ADBF5A16A87A8C00939381 /* QuartzCore.framework */; };
		75ADBF6016A8802800939381 /* ViewControllerInformations.m in Sources */ = {isa = PBXBuildFile; fileRef = 75ADBF5F16A8802800939381 /* ViewControllerInformations.m */; };
		75ADBF6316A8807300939381 /* ViewControllerPhotoInscription.m in Sources */ = {isa = PBXBuildFile; fileRef = 75ADBF6216A8807300939381 /* ViewControllerPhotoInscription.m */; };
		75ADBF6616A8821A00939381 /* ViewControllerActualites.m in Sources */ = {isa = PBXBuildFile; fileRef = 75ADBF6516A8821A00939381 /* ViewControllerActualites.m */; };
		75ADBF6916A8823C00939381 /* ViewControllerApresPhoto.m in Sources */ = {isa = PBXBuildFile; fileRef = 75ADBF6816A8823C00939381 /* ViewControllerApresPhoto.m */; };
		75ADBF6C16A8836F00939381 /* ViewControllerNotifications.m in Sources */ = {isa = PBXBuildFile; fileRef = 75ADBF6B16A8836E00939381 /* ViewControllerNotifications.m */; };
		75ADBF6F16A883C500939381 /* ViewControllerContactsProfil.m in Sources */ = {isa = PBXBuildFile; fileRef = 75ADBF6E16A883C400939381 /* ViewControllerContactsProfil.m */; };
		75ADBF7216A883DE00939381 /* ViewControllerInfosProfil.m in Sources */ = {isa = PBXBuildFile; fileRef = 75ADBF7116A883DD00939381 /* ViewControllerInfosProfil.m */; };
		75ADBF7516A883FF00939381 /* ViewControllerCarteProfil.m in Sources */ = {isa = PBXBuildFile; fileRef = 75ADBF7416A883FE00939381 /* ViewControllerCarteProfil.m */; };
		CD93CD07168C883E0038D8F7 /* VueConnexion.m in Sources */ = {isa = PBXBuildFile; fileRef = CD93CD06168C883E0038D8F7 /* VueConnexion.m */; };
		CD93CD18168C9A160038D8F7 /* Default.png in Resources */ = {isa = PBXBuildFile; fileRef = CD93CD17168C9A160038D8F7 /* Default.png */; };
		CDCE2C581684AB0F00FFAEE5 /* UIKit.framework in Frameworks */ = {isa = PBXBuildFile; fileRef = CDCE2C571684AB0F00FFAEE5 /* UIKit.framework */; };
		CDCE2C5A1684AB0F00FFAEE5 /* Foundation.framework in Frameworks */ = {isa = PBXBuildFile; fileRef = CDCE2C591684AB0F00FFAEE5 /* Foundation.framework */; };
		CDCE2C5C1684AB0F00FFAEE5 /* CoreGraphics.framework in Frameworks */ = {isa = PBXBuildFile; fileRef = CDCE2C5B1684AB0F00FFAEE5 /* CoreGraphics.framework */; };
		CDCE2C621684AB0F00FFAEE5 /* InfoPlist.strings in Resources */ = {isa = PBXBuildFile; fileRef = CDCE2C601684AB0F00FFAEE5 /* InfoPlist.strings */; };
		CDCE2C641684AB0F00FFAEE5 /* main.m in Sources */ = {isa = PBXBuildFile; fileRef = CDCE2C631684AB0F00FFAEE5 /* main.m */; };
		CDCE2C681684AB0F00FFAEE5 /* AppDelegate.m in Sources */ = {isa = PBXBuildFile; fileRef = CDCE2C671684AB0F00FFAEE5 /* AppDelegate.m */; };
		CDCE2C6B1684AB0F00FFAEE5 /* MainStoryboard_iPhone.storyboard in Resources */ = {isa = PBXBuildFile; fileRef = CDCE2C691684AB0F00FFAEE5 /* MainStoryboard_iPhone.storyboard */; };
		CDCE2C6E1684AB0F00FFAEE5 /* MainStoryboard_iPad.storyboard in Resources */ = {isa = PBXBuildFile; fileRef = CDCE2C6C1684AB0F00FFAEE5 /* MainStoryboard_iPad.storyboard */; };
		CDCE2C711684AB0F00FFAEE5 /* ViewControllerPhotosProfil.m in Sources */ = {isa = PBXBuildFile; fileRef = CDCE2C701684AB0F00FFAEE5 /* ViewControllerPhotosProfil.m */; };
		CDCE2C731684AB0F00FFAEE5 /* first.png in Resources */ = {isa = PBXBuildFile; fileRef = CDCE2C721684AB0F00FFAEE5 /* first.png */; };
		CDCE2C751684AB0F00FFAEE5 /* first@2x.png in Resources */ = {isa = PBXBuildFile; fileRef = CDCE2C741684AB0F00FFAEE5 /* first@2x.png */; };
		CDCE2C781684AB0F00FFAEE5 /* ViewControllerRecherche.m in Sources */ = {isa = PBXBuildFile; fileRef = CDCE2C771684AB0F00FFAEE5 /* ViewControllerRecherche.m */; };
		CDCE2C7A1684AB0F00FFAEE5 /* second.png in Resources */ = {isa = PBXBuildFile; fileRef = CDCE2C791684AB0F00FFAEE5 /* second.png */; };
		CDCE2C7C1684AB0F00FFAEE5 /* second@2x.png in Resources */ = {isa = PBXBuildFile; fileRef = CDCE2C7B1684AB0F00FFAEE5 /* second@2x.png */; };
		CDCE2C841684AB0F00FFAEE5 /* SenTestingKit.framework in Frameworks */ = {isa = PBXBuildFile; fileRef = CDCE2C831684AB0F00FFAEE5 /* SenTestingKit.framework */; };
		CDCE2C851684AB0F00FFAEE5 /* UIKit.framework in Frameworks */ = {isa = PBXBuildFile; fileRef = CDCE2C571684AB0F00FFAEE5 /* UIKit.framework */; };
		CDCE2C861684AB0F00FFAEE5 /* Foundation.framework in Frameworks */ = {isa = PBXBuildFile; fileRef = CDCE2C591684AB0F00FFAEE5 /* Foundation.framework */; };
		CDCE2C8E1684AB0F00FFAEE5 /* InfoPlist.strings in Resources */ = {isa = PBXBuildFile; fileRef = CDCE2C8C1684AB0F00FFAEE5 /* InfoPlist.strings */; };
		CDCE2C911684AB0F00FFAEE5 /* ProjetTests.m in Sources */ = {isa = PBXBuildFile; fileRef = CDCE2C901684AB0F00FFAEE5 /* ProjetTests.m */; };
/* End PBXBuildFile section */

/* Begin PBXContainerItemProxy section */
		CDCE2C871684AB0F00FFAEE5 /* PBXContainerItemProxy */ = {
			isa = PBXContainerItemProxy;
			containerPortal = CDCE2C4A1684AB0F00FFAEE5 /* Project object */;
			proxyType = 1;
			remoteGlobalIDString = CDCE2C521684AB0F00FFAEE5;
			remoteInfo = Projet;
		};
/* End PBXContainerItemProxy section */

/* Begin PBXFileReference section */
		75190BCA168CA65B00364E2B /* ViewControllerInscription.h */ = {isa = PBXFileReference; fileEncoding = 4; lastKnownFileType = sourcecode.c.h; path = ViewControllerInscription.h; sourceTree = "<group>"; };
		75190BCB168CA65B00364E2B /* ViewControllerInscription.m */ = {isa = PBXFileReference; fileEncoding = 4; lastKnownFileType = sourcecode.c.objc; path = ViewControllerInscription.m; sourceTree = "<group>"; };
		75A64AEB16AAAD6D00EFACCE /* ViewControllerAfficherProfil.h */ = {isa = PBXFileReference; fileEncoding = 4; lastKnownFileType = sourcecode.c.h; path = ViewControllerAfficherProfil.h; sourceTree = "<group>"; };
		75A64AEC16AAAD6D00EFACCE /* ViewControllerAfficherProfil.m */ = {isa = PBXFileReference; fileEncoding = 4; lastKnownFileType = sourcecode.c.objc; path = ViewControllerAfficherProfil.m; sourceTree = "<group>"; };
		75ADBF5716A875F800939381 /* StoryboardSegueCustomLeftToRight.h */ = {isa = PBXFileReference; fileEncoding = 4; lastKnownFileType = sourcecode.c.h; path = StoryboardSegueCustomLeftToRight.h; sourceTree = "<group>"; };
		75ADBF5816A875F800939381 /* StoryboardSegueCustomLeftToRight.m */ = {isa = PBXFileReference; fileEncoding = 4; lastKnownFileType = sourcecode.c.objc; path = StoryboardSegueCustomLeftToRight.m; sourceTree = "<group>"; };
		75ADBF5A16A87A8C00939381 /* QuartzCore.framework */ = {isa = PBXFileReference; lastKnownFileType = wrapper.framework; name = QuartzCore.framework; path = System/Library/Frameworks/QuartzCore.framework; sourceTree = SDKROOT; };
		75ADBF5E16A8802800939381 /* ViewControllerInformations.h */ = {isa = PBXFileReference; fileEncoding = 4; lastKnownFileType = sourcecode.c.h; path = ViewControllerInformations.h; sourceTree = "<group>"; };
		75ADBF5F16A8802800939381 /* ViewControllerInformations.m */ = {isa = PBXFileReference; fileEncoding = 4; lastKnownFileType = sourcecode.c.objc; path = ViewControllerInformations.m; sourceTree = "<group>"; };
		75ADBF6116A8807300939381 /* ViewControllerPhotoInscription.h */ = {isa = PBXFileReference; fileEncoding = 4; lastKnownFileType = sourcecode.c.h; path = ViewControllerPhotoInscription.h; sourceTree = "<group>"; };
		75ADBF6216A8807300939381 /* ViewControllerPhotoInscription.m */ = {isa = PBXFileReference; fileEncoding = 4; lastKnownFileType = sourcecode.c.objc; path = ViewControllerPhotoInscription.m; sourceTree = "<group>"; };
		75ADBF6416A8821900939381 /* ViewControllerActualites.h */ = {isa = PBXFileReference; fileEncoding = 4; lastKnownFileType = sourcecode.c.h; path = ViewControllerActualites.h; sourceTree = "<group>"; };
		75ADBF6516A8821A00939381 /* ViewControllerActualites.m */ = {isa = PBXFileReference; fileEncoding = 4; lastKnownFileType = sourcecode.c.objc; path = ViewControllerActualites.m; sourceTree = "<group>"; };
		75ADBF6716A8823B00939381 /* ViewControllerApresPhoto.h */ = {isa = PBXFileReference; fileEncoding = 4; lastKnownFileType = sourcecode.c.h; path = ViewControllerApresPhoto.h; sourceTree = "<group>"; };
		75ADBF6816A8823C00939381 /* ViewControllerApresPhoto.m */ = {isa = PBXFileReference; fileEncoding = 4; lastKnownFileType = sourcecode.c.objc; path = ViewControllerApresPhoto.m; sourceTree = "<group>"; };
		75ADBF6A16A8836E00939381 /* ViewControllerNotifications.h */ = {isa = PBXFileReference; fileEncoding = 4; lastKnownFileType = sourcecode.c.h; path = ViewControllerNotifications.h; sourceTree = "<group>"; };
		75ADBF6B16A8836E00939381 /* ViewControllerNotifications.m */ = {isa = PBXFileReference; fileEncoding = 4; lastKnownFileType = sourcecode.c.objc; path = ViewControllerNotifications.m; sourceTree = "<group>"; };
		75ADBF6D16A883C400939381 /* ViewControllerContactsProfil.h */ = {isa = PBXFileReference; fileEncoding = 4; lastKnownFileType = sourcecode.c.h; path = ViewControllerContactsProfil.h; sourceTree = "<group>"; };
		75ADBF6E16A883C400939381 /* ViewControllerContactsProfil.m */ = {isa = PBXFileReference; fileEncoding = 4; lastKnownFileType = sourcecode.c.objc; path = ViewControllerContactsProfil.m; sourceTree = "<group>"; };
		75ADBF7016A883DD00939381 /* ViewControllerInfosProfil.h */ = {isa = PBXFileReference; fileEncoding = 4; lastKnownFileType = sourcecode.c.h; path = ViewControllerInfosProfil.h; sourceTree = "<group>"; };
		75ADBF7116A883DD00939381 /* ViewControllerInfosProfil.m */ = {isa = PBXFileReference; fileEncoding = 4; lastKnownFileType = sourcecode.c.objc; path = ViewControllerInfosProfil.m; sourceTree = "<group>"; };
		75ADBF7316A883FE00939381 /* ViewControllerCarteProfil.h */ = {isa = PBXFileReference; fileEncoding = 4; lastKnownFileType = sourcecode.c.h; path = ViewControllerCarteProfil.h; sourceTree = "<group>"; };
		75ADBF7416A883FE00939381 /* ViewControllerCarteProfil.m */ = {isa = PBXFileReference; fileEncoding = 4; lastKnownFileType = sourcecode.c.objc; path = ViewControllerCarteProfil.m; sourceTree = "<group>"; };
		CD93CD05168C883E0038D8F7 /* VueConnexion.h */ = {isa = PBXFileReference; fileEncoding = 4; lastKnownFileType = sourcecode.c.h; name = VueConnexion.h; path = ../VueConnexion.h; sourceTree = "<group>"; };
		CD93CD06168C883E0038D8F7 /* VueConnexion.m */ = {isa = PBXFileReference; fileEncoding = 4; lastKnownFileType = sourcecode.c.objc; name = VueConnexion.m; path = ../VueConnexion.m; sourceTree = "<group>"; };
		CD93CD17168C9A160038D8F7 /* Default.png */ = {isa = PBXFileReference; lastKnownFileType = image.png; path = Default.png; sourceTree = "<group>"; };
		CDCE2C531684AB0F00FFAEE5 /* Projet.app */ = {isa = PBXFileReference; explicitFileType = wrapper.application; includeInIndex = 0; path = Projet.app; sourceTree = BUILT_PRODUCTS_DIR; };
		CDCE2C571684AB0F00FFAEE5 /* UIKit.framework */ = {isa = PBXFileReference; lastKnownFileType = wrapper.framework; name = UIKit.framework; path = System/Library/Frameworks/UIKit.framework; sourceTree = SDKROOT; };
		CDCE2C591684AB0F00FFAEE5 /* Foundation.framework */ = {isa = PBXFileReference; lastKnownFileType = wrapper.framework; name = Foundation.framework; path = System/Library/Frameworks/Foundation.framework; sourceTree = SDKROOT; };
		CDCE2C5B1684AB0F00FFAEE5 /* CoreGraphics.framework */ = {isa = PBXFileReference; lastKnownFileType = wrapper.framework; name = CoreGraphics.framework; path = System/Library/Frameworks/CoreGraphics.framework; sourceTree = SDKROOT; };
		CDCE2C5F1684AB0F00FFAEE5 /* Projet-Info.plist */ = {isa = PBXFileReference; lastKnownFileType = text.plist.xml; path = "Projet-Info.plist"; sourceTree = "<group>"; };
		CDCE2C611684AB0F00FFAEE5 /* en */ = {isa = PBXFileReference; lastKnownFileType = text.plist.strings; name = en; path = en.lproj/InfoPlist.strings; sourceTree = "<group>"; };
		CDCE2C631684AB0F00FFAEE5 /* main.m */ = {isa = PBXFileReference; lastKnownFileType = sourcecode.c.objc; path = main.m; sourceTree = "<group>"; };
		CDCE2C651684AB0F00FFAEE5 /* Projet-Prefix.pch */ = {isa = PBXFileReference; lastKnownFileType = sourcecode.c.h; path = "Projet-Prefix.pch"; sourceTree = "<group>"; };
		CDCE2C661684AB0F00FFAEE5 /* AppDelegate.h */ = {isa = PBXFileReference; lastKnownFileType = sourcecode.c.h; path = AppDelegate.h; sourceTree = "<group>"; };
		CDCE2C671684AB0F00FFAEE5 /* AppDelegate.m */ = {isa = PBXFileReference; lastKnownFileType = sourcecode.c.objc; path = AppDelegate.m; sourceTree = "<group>"; };
		CDCE2C6A1684AB0F00FFAEE5 /* en */ = {isa = PBXFileReference; lastKnownFileType = file.storyboard; name = en; path = en.lproj/MainStoryboard_iPhone.storyboard; sourceTree = "<group>"; };
		CDCE2C6D1684AB0F00FFAEE5 /* en */ = {isa = PBXFileReference; lastKnownFileType = file.storyboard; name = en; path = en.lproj/MainStoryboard_iPad.storyboard; sourceTree = "<group>"; };
		CDCE2C6F1684AB0F00FFAEE5 /* ViewControllerPhotosProfil.h */ = {isa = PBXFileReference; lastKnownFileType = sourcecode.c.h; path = ViewControllerPhotosProfil.h; sourceTree = "<group>"; };
		CDCE2C701684AB0F00FFAEE5 /* ViewControllerPhotosProfil.m */ = {isa = PBXFileReference; lastKnownFileType = sourcecode.c.objc; path = ViewControllerPhotosProfil.m; sourceTree = "<group>"; };
		CDCE2C721684AB0F00FFAEE5 /* first.png */ = {isa = PBXFileReference; lastKnownFileType = image.png; path = first.png; sourceTree = "<group>"; };
		CDCE2C741684AB0F00FFAEE5 /* first@2x.png */ = {isa = PBXFileReference; lastKnownFileType = image.png; path = "first@2x.png"; sourceTree = "<group>"; };
		CDCE2C761684AB0F00FFAEE5 /* ViewControllerRecherche.h */ = {isa = PBXFileReference; lastKnownFileType = sourcecode.c.h; path = ViewControllerRecherche.h; sourceTree = "<group>"; };
		CDCE2C771684AB0F00FFAEE5 /* ViewControllerRecherche.m */ = {isa = PBXFileReference; lastKnownFileType = sourcecode.c.objc; path = ViewControllerRecherche.m; sourceTree = "<group>"; };
		CDCE2C791684AB0F00FFAEE5 /* second.png */ = {isa = PBXFileReference; lastKnownFileType = image.png; path = second.png; sourceTree = "<group>"; };
		CDCE2C7B1684AB0F00FFAEE5 /* second@2x.png */ = {isa = PBXFileReference; lastKnownFileType = image.png; path = "second@2x.png"; sourceTree = "<group>"; };
		CDCE2C821684AB0F00FFAEE5 /* ProjetTests.octest */ = {isa = PBXFileReference; explicitFileType = wrapper.cfbundle; includeInIndex = 0; path = ProjetTests.octest; sourceTree = BUILT_PRODUCTS_DIR; };
		CDCE2C831684AB0F00FFAEE5 /* SenTestingKit.framework */ = {isa = PBXFileReference; lastKnownFileType = wrapper.framework; name = SenTestingKit.framework; path = Library/Frameworks/SenTestingKit.framework; sourceTree = DEVELOPER_DIR; };
		CDCE2C8B1684AB0F00FFAEE5 /* ProjetTests-Info.plist */ = {isa = PBXFileReference; lastKnownFileType = text.plist.xml; path = "ProjetTests-Info.plist"; sourceTree = "<group>"; };
		CDCE2C8D1684AB0F00FFAEE5 /* en */ = {isa = PBXFileReference; lastKnownFileType = text.plist.strings; name = en; path = en.lproj/InfoPlist.strings; sourceTree = "<group>"; };
		CDCE2C8F1684AB0F00FFAEE5 /* ProjetTests.h */ = {isa = PBXFileReference; lastKnownFileType = sourcecode.c.h; path = ProjetTests.h; sourceTree = "<group>"; };
		CDCE2C901684AB0F00FFAEE5 /* ProjetTests.m */ = {isa = PBXFileReference; lastKnownFileType = sourcecode.c.objc; path = ProjetTests.m; sourceTree = "<group>"; };
/* End PBXFileReference section */

/* Begin PBXFrameworksBuildPhase section */
		CDCE2C501684AB0F00FFAEE5 /* Frameworks */ = {
			isa = PBXFrameworksBuildPhase;
			buildActionMask = 2147483647;
			files = (
				75ADBF5B16A87A8C00939381 /* QuartzCore.framework in Frameworks */,
				CDCE2C581684AB0F00FFAEE5 /* UIKit.framework in Frameworks */,
				CDCE2C5A1684AB0F00FFAEE5 /* Foundation.framework in Frameworks */,
				CDCE2C5C1684AB0F00FFAEE5 /* CoreGraphics.framework in Frameworks */,
			);
			runOnlyForDeploymentPostprocessing = 0;
		};
		CDCE2C7E1684AB0F00FFAEE5 /* Frameworks */ = {
			isa = PBXFrameworksBuildPhase;
			buildActionMask = 2147483647;
			files = (
				CDCE2C841684AB0F00FFAEE5 /* SenTestingKit.framework in Frameworks */,
				CDCE2C851684AB0F00FFAEE5 /* UIKit.framework in Frameworks */,
				CDCE2C861684AB0F00FFAEE5 /* Foundation.framework in Frameworks */,
			);
			runOnlyForDeploymentPostprocessing = 0;
		};
/* End PBXFrameworksBuildPhase section */

/* Begin PBXGroup section */
		CD93CD16168C9A160038D8F7 /* image */ = {
			isa = PBXGroup;
			children = (
				CD93CD17168C9A160038D8F7 /* Default.png */,
			);
			path = image;
			sourceTree = SOURCE_ROOT;
		};
		CDCE2C481684AB0F00FFAEE5 = {
			isa = PBXGroup;
			children = (
				CDCE2C5D1684AB0F00FFAEE5 /* Projet */,
				CDCE2C891684AB0F00FFAEE5 /* ProjetTests */,
				CDCE2C561684AB0F00FFAEE5 /* Frameworks */,
				CDCE2C541684AB0F00FFAEE5 /* Products */,
			);
			sourceTree = "<group>";
		};
		CDCE2C541684AB0F00FFAEE5 /* Products */ = {
			isa = PBXGroup;
			children = (
				CDCE2C531684AB0F00FFAEE5 /* Projet.app */,
				CDCE2C821684AB0F00FFAEE5 /* ProjetTests.octest */,
			);
			name = Products;
			sourceTree = "<group>";
		};
		CDCE2C561684AB0F00FFAEE5 /* Frameworks */ = {
			isa = PBXGroup;
			children = (
				75ADBF5A16A87A8C00939381 /* QuartzCore.framework */,
				CDCE2C571684AB0F00FFAEE5 /* UIKit.framework */,
				CDCE2C591684AB0F00FFAEE5 /* Foundation.framework */,
				CDCE2C5B1684AB0F00FFAEE5 /* CoreGraphics.framework */,
				CDCE2C831684AB0F00FFAEE5 /* SenTestingKit.framework */,
			);
			name = Frameworks;
			sourceTree = "<group>";
		};
		CDCE2C5D1684AB0F00FFAEE5 /* Projet */ = {
			isa = PBXGroup;
			children = (
				75ADBF5716A875F800939381 /* StoryboardSegueCustomLeftToRight.h */,
				75ADBF5816A875F800939381 /* StoryboardSegueCustomLeftToRight.m */,
				CDCE2C691684AB0F00FFAEE5 /* MainStoryboard_iPhone.storyboard */,
				CDCE2C6C1684AB0F00FFAEE5 /* MainStoryboard_iPad.storyboard */,
				CDCE2C661684AB0F00FFAEE5 /* AppDelegate.h */,
				CDCE2C671684AB0F00FFAEE5 /* AppDelegate.m */,
				CD93CD05168C883E0038D8F7 /* VueConnexion.h */,
				CD93CD06168C883E0038D8F7 /* VueConnexion.m */,
				75190BCA168CA65B00364E2B /* ViewControllerInscription.h */,
				75190BCB168CA65B00364E2B /* ViewControllerInscription.m */,
				75ADBF5E16A8802800939381 /* ViewControllerInformations.h */,
				75ADBF5F16A8802800939381 /* ViewControllerInformations.m */,
				75ADBF6116A8807300939381 /* ViewControllerPhotoInscription.h */,
				75ADBF6216A8807300939381 /* ViewControllerPhotoInscription.m */,
				75ADBF6416A8821900939381 /* ViewControllerActualites.h */,
				75ADBF6516A8821A00939381 /* ViewControllerActualites.m */,
				75ADBF6716A8823B00939381 /* ViewControllerApresPhoto.h */,
				75ADBF6816A8823C00939381 /* ViewControllerApresPhoto.m */,
				CDCE2C6F1684AB0F00FFAEE5 /* ViewControllerPhotosProfil.h */,
				CDCE2C701684AB0F00FFAEE5 /* ViewControllerPhotosProfil.m */,
				75ADBF6D16A883C400939381 /* ViewControllerContactsProfil.h */,
				75ADBF6E16A883C400939381 /* ViewControllerContactsProfil.m */,
				75ADBF7016A883DD00939381 /* ViewControllerInfosProfil.h */,
				75ADBF7116A883DD00939381 /* ViewControllerInfosProfil.m */,
				75ADBF7316A883FE00939381 /* ViewControllerCarteProfil.h */,
				75ADBF7416A883FE00939381 /* ViewControllerCarteProfil.m */,
				75ADBF6A16A8836E00939381 /* ViewControllerNotifications.h */,
				75ADBF6B16A8836E00939381 /* ViewControllerNotifications.m */,
				CDCE2C761684AB0F00FFAEE5 /* ViewControllerRecherche.h */,
				CDCE2C771684AB0F00FFAEE5 /* ViewControllerRecherche.m */,
				75A64AEB16AAAD6D00EFACCE /* ViewControllerAfficherProfil.h */,
				75A64AEC16AAAD6D00EFACCE /* ViewControllerAfficherProfil.m */,
				CDCE2C721684AB0F00FFAEE5 /* first.png */,
				CDCE2C741684AB0F00FFAEE5 /* first@2x.png */,
				CDCE2C791684AB0F00FFAEE5 /* second.png */,
				CDCE2C7B1684AB0F00FFAEE5 /* second@2x.png */,
				CD93CD16168C9A160038D8F7 /* image */,
				CDCE2C5E1684AB0F00FFAEE5 /* Supporting Files */,
			);
			path = Projet;
			sourceTree = "<group>";
		};
		CDCE2C5E1684AB0F00FFAEE5 /* Supporting Files */ = {
			isa = PBXGroup;
			children = (
				CDCE2C5F1684AB0F00FFAEE5 /* Projet-Info.plist */,
				CDCE2C601684AB0F00FFAEE5 /* InfoPlist.strings */,
				CDCE2C631684AB0F00FFAEE5 /* main.m */,
				CDCE2C651684AB0F00FFAEE5 /* Projet-Prefix.pch */,
			);
			name = "Supporting Files";
			sourceTree = "<group>";
		};
		CDCE2C891684AB0F00FFAEE5 /* ProjetTests */ = {
			isa = PBXGroup;
			children = (
				CDCE2C8F1684AB0F00FFAEE5 /* ProjetTests.h */,
				CDCE2C901684AB0F00FFAEE5 /* ProjetTests.m */,
				CDCE2C8A1684AB0F00FFAEE5 /* Supporting Files */,
			);
			path = ProjetTests;
			sourceTree = "<group>";
		};
		CDCE2C8A1684AB0F00FFAEE5 /* Supporting Files */ = {
			isa = PBXGroup;
			children = (
				CDCE2C8B1684AB0F00FFAEE5 /* ProjetTests-Info.plist */,
				CDCE2C8C1684AB0F00FFAEE5 /* InfoPlist.strings */,
			);
			name = "Supporting Files";
			sourceTree = "<group>";
		};
/* End PBXGroup section */

/* Begin PBXNativeTarget section */
		CDCE2C521684AB0F00FFAEE5 /* Projet */ = {
			isa = PBXNativeTarget;
			buildConfigurationList = CDCE2C941684AB0F00FFAEE5 /* Build configuration list for PBXNativeTarget "Projet" */;
			buildPhases = (
				CDCE2C4F1684AB0F00FFAEE5 /* Sources */,
				CDCE2C501684AB0F00FFAEE5 /* Frameworks */,
				CDCE2C511684AB0F00FFAEE5 /* Resources */,
			);
			buildRules = (
			);
			dependencies = (
			);
			name = Projet;
			productName = Projet;
			productReference = CDCE2C531684AB0F00FFAEE5 /* Projet.app */;
			productType = "com.apple.product-type.application";
		};
		CDCE2C811684AB0F00FFAEE5 /* ProjetTests */ = {
			isa = PBXNativeTarget;
			buildConfigurationList = CDCE2C971684AB0F00FFAEE5 /* Build configuration list for PBXNativeTarget "ProjetTests" */;
			buildPhases = (
				CDCE2C7D1684AB0F00FFAEE5 /* Sources */,
				CDCE2C7E1684AB0F00FFAEE5 /* Frameworks */,
				CDCE2C7F1684AB0F00FFAEE5 /* Resources */,
				CDCE2C801684AB0F00FFAEE5 /* ShellScript */,
			);
			buildRules = (
			);
			dependencies = (
				CDCE2C881684AB0F00FFAEE5 /* PBXTargetDependency */,
			);
			name = ProjetTests;
			productName = ProjetTests;
			productReference = CDCE2C821684AB0F00FFAEE5 /* ProjetTests.octest */;
			productType = "com.apple.product-type.bundle";
		};
/* End PBXNativeTarget section */

/* Begin PBXProject section */
		CDCE2C4A1684AB0F00FFAEE5 /* Project object */ = {
			isa = PBXProject;
			attributes = {
				LastUpgradeCheck = 0430;
			};
			buildConfigurationList = CDCE2C4D1684AB0F00FFAEE5 /* Build configuration list for PBXProject "Projet" */;
			compatibilityVersion = "Xcode 3.2";
			developmentRegion = English;
			hasScannedForEncodings = 0;
			knownRegions = (
				en,
			);
			mainGroup = CDCE2C481684AB0F00FFAEE5;
			productRefGroup = CDCE2C541684AB0F00FFAEE5 /* Products */;
			projectDirPath = "";
			projectRoot = "";
			targets = (
				CDCE2C521684AB0F00FFAEE5 /* Projet */,
				CDCE2C811684AB0F00FFAEE5 /* ProjetTests */,
			);
		};
/* End PBXProject section */

/* Begin PBXResourcesBuildPhase section */
		CDCE2C511684AB0F00FFAEE5 /* Resources */ = {
			isa = PBXResourcesBuildPhase;
			buildActionMask = 2147483647;
			files = (
				CDCE2C621684AB0F00FFAEE5 /* InfoPlist.strings in Resources */,
				CDCE2C6B1684AB0F00FFAEE5 /* MainStoryboard_iPhone.storyboard in Resources */,
				CDCE2C6E1684AB0F00FFAEE5 /* MainStoryboard_iPad.storyboard in Resources */,
				CDCE2C731684AB0F00FFAEE5 /* first.png in Resources */,
				CDCE2C751684AB0F00FFAEE5 /* first@2x.png in Resources */,
				CDCE2C7A1684AB0F00FFAEE5 /* second.png in Resources */,
				CDCE2C7C1684AB0F00FFAEE5 /* second@2x.png in Resources */,
				CD93CD18168C9A160038D8F7 /* Default.png in Resources */,
			);
			runOnlyForDeploymentPostprocessing = 0;
		};
		CDCE2C7F1684AB0F00FFAEE5 /* Resources */ = {
			isa = PBXResourcesBuildPhase;
			buildActionMask = 2147483647;
			files = (
				CDCE2C8E1684AB0F00FFAEE5 /* InfoPlist.strings in Resources */,
			);
			runOnlyForDeploymentPostprocessing = 0;
		};
/* End PBXResourcesBuildPhase section */

/* Begin PBXShellScriptBuildPhase section */
		CDCE2C801684AB0F00FFAEE5 /* ShellScript */ = {
			isa = PBXShellScriptBuildPhase;
			buildActionMask = 2147483647;
			files = (
			);
			inputPaths = (
			);
			outputPaths = (
			);
			runOnlyForDeploymentPostprocessing = 0;
			shellPath = /bin/sh;
			shellScript = "# Run the unit tests in this test bundle.\n\"${SYSTEM_DEVELOPER_DIR}/Tools/RunUnitTests\"\n";
		};
/* End PBXShellScriptBuildPhase section */

/* Begin PBXSourcesBuildPhase section */
		CDCE2C4F1684AB0F00FFAEE5 /* Sources */ = {
			isa = PBXSourcesBuildPhase;
			buildActionMask = 2147483647;
			files = (
				CDCE2C641684AB0F00FFAEE5 /* main.m in Sources */,
				CDCE2C681684AB0F00FFAEE5 /* AppDelegate.m in Sources */,
				CDCE2C711684AB0F00FFAEE5 /* ViewControllerPhotosProfil.m in Sources */,
				CDCE2C781684AB0F00FFAEE5 /* ViewControllerRecherche.m in Sources */,
				CD93CD07168C883E0038D8F7 /* VueConnexion.m in Sources */,
				75ADBF5916A875F800939381 /* StoryboardSegueCustomLeftToRight.m in Sources */,
				75ADBF6016A8802800939381 /* ViewControllerInformations.m in Sources */,
				75ADBF6316A8807300939381 /* ViewControllerPhotoInscription.m in Sources */,
				75ADBF6616A8821A00939381 /* ViewControllerActualites.m in Sources */,
				75ADBF6916A8823C00939381 /* ViewControllerApresPhoto.m in Sources */,
				75ADBF6C16A8836F00939381 /* ViewControllerNotifications.m in Sources */,
				75ADBF6F16A883C500939381 /* ViewControllerContactsProfil.m in Sources */,
				75ADBF7216A883DE00939381 /* ViewControllerInfosProfil.m in Sources */,
				75ADBF7516A883FF00939381 /* ViewControllerCarteProfil.m in Sources */,
				75A64AED16AAAD6D00EFACCE /* ViewControllerAfficherProfil.m in Sources */,
			);
			runOnlyForDeploymentPostprocessing = 0;
		};
		CDCE2C7D1684AB0F00FFAEE5 /* Sources */ = {
			isa = PBXSourcesBuildPhase;
			buildActionMask = 2147483647;
			files = (
				CDCE2C911684AB0F00FFAEE5 /* ProjetTests.m in Sources */,
				75190BCC168CA65B00364E2B /* ViewControllerInscription.m in Sources */,
			);
			runOnlyForDeploymentPostprocessing = 0;
		};
/* End PBXSourcesBuildPhase section */

/* Begin PBXTargetDependency section */
		CDCE2C881684AB0F00FFAEE5 /* PBXTargetDependency */ = {
			isa = PBXTargetDependency;
			target = CDCE2C521684AB0F00FFAEE5 /* Projet */;
			targetProxy = CDCE2C871684AB0F00FFAEE5 /* PBXContainerItemProxy */;
		};
/* End PBXTargetDependency section */

/* Begin PBXVariantGroup section */
		CDCE2C601684AB0F00FFAEE5 /* InfoPlist.strings */ = {
			isa = PBXVariantGroup;
			children = (
				CDCE2C611684AB0F00FFAEE5 /* en */,
			);
			name = InfoPlist.strings;
			sourceTree = "<group>";
		};
		CDCE2C691684AB0F00FFAEE5 /* MainStoryboard_iPhone.storyboard */ = {
			isa = PBXVariantGroup;
			children = (
				CDCE2C6A1684AB0F00FFAEE5 /* en */,
			);
			name = MainStoryboard_iPhone.storyboard;
			sourceTree = "<group>";
		};
		CDCE2C6C1684AB0F00FFAEE5 /* MainStoryboard_iPad.storyboard */ = {
			isa = PBXVariantGroup;
			children = (
				CDCE2C6D1684AB0F00FFAEE5 /* en */,
			);
			name = MainStoryboard_iPad.storyboard;
			sourceTree = "<group>";
		};
		CDCE2C8C1684AB0F00FFAEE5 /* InfoPlist.strings */ = {
			isa = PBXVariantGroup;
			children = (
				CDCE2C8D1684AB0F00FFAEE5 /* en */,
			);
			name = InfoPlist.strings;
			sourceTree = "<group>";
		};
/* End PBXVariantGroup section */

/* Begin XCBuildConfiguration section */
		CDCE2C921684AB0F00FFAEE5 /* Debug */ = {
			isa = XCBuildConfiguration;
			buildSettings = {
				ALWAYS_SEARCH_USER_PATHS = NO;
				ARCHS = "$(ARCHS_STANDARD_32_BIT)";
				CLANG_ENABLE_OBJC_ARC = YES;
				"CODE_SIGN_IDENTITY[sdk=iphoneos*]" = "iPhone Developer";
				COPY_PHASE_STRIP = NO;
				GCC_C_LANGUAGE_STANDARD = gnu99;
				GCC_DYNAMIC_NO_PIC = NO;
				GCC_OPTIMIZATION_LEVEL = 0;
				GCC_PREPROCESSOR_DEFINITIONS = (
					"DEBUG=1",
					"$(inherited)",
				);
				GCC_SYMBOLS_PRIVATE_EXTERN = NO;
				GCC_VERSION = com.apple.compilers.llvm.clang.1_0;
				GCC_WARN_ABOUT_RETURN_TYPE = YES;
				GCC_WARN_UNINITIALIZED_AUTOS = YES;
				GCC_WARN_UNUSED_VARIABLE = YES;
				IPHONEOS_DEPLOYMENT_TARGET = 5.1;
				SDKROOT = iphoneos;
				TARGETED_DEVICE_FAMILY = "1,2";
			};
			name = Debug;
		};
		CDCE2C931684AB0F00FFAEE5 /* Release */ = {
			isa = XCBuildConfiguration;
			buildSettings = {
				ALWAYS_SEARCH_USER_PATHS = NO;
				ARCHS = "$(ARCHS_STANDARD_32_BIT)";
				CLANG_ENABLE_OBJC_ARC = YES;
				"CODE_SIGN_IDENTITY[sdk=iphoneos*]" = "iPhone Developer";
				COPY_PHASE_STRIP = YES;
				GCC_C_LANGUAGE_STANDARD = gnu99;
				GCC_VERSION = com.apple.compilers.llvm.clang.1_0;
				GCC_WARN_ABOUT_RETURN_TYPE = YES;
				GCC_WARN_UNINITIALIZED_AUTOS = YES;
				GCC_WARN_UNUSED_VARIABLE = YES;
				IPHONEOS_DEPLOYMENT_TARGET = 5.1;
				OTHER_CFLAGS = "-DNS_BLOCK_ASSERTIONS=1";
				SDKROOT = iphoneos;
				TARGETED_DEVICE_FAMILY = "1,2";
				VALIDATE_PRODUCT = YES;
			};
			name = Release;
		};
		CDCE2C951684AB0F00FFAEE5 /* Debug */ = {
			isa = XCBuildConfiguration;
			buildSettings = {
				GCC_PRECOMPILE_PREFIX_HEADER = YES;
				GCC_PREFIX_HEADER = "Projet/Projet-Prefix.pch";
				INFOPLIST_FILE = "Projet/Projet-Info.plist";
				IPHONEOS_DEPLOYMENT_TARGET = 5.0;
				PRODUCT_NAME = "$(TARGET_NAME)";
				TARGETED_DEVICE_FAMILY = "1,2";
				WRAPPER_EXTENSION = app;
			};
			name = Debug;
		};
		CDCE2C961684AB0F00FFAEE5 /* Release */ = {
			isa = XCBuildConfiguration;
			buildSettings = {
				GCC_PRECOMPILE_PREFIX_HEADER = YES;
				GCC_PREFIX_HEADER = "Projet/Projet-Prefix.pch";
				INFOPLIST_FILE = "Projet/Projet-Info.plist";
				IPHONEOS_DEPLOYMENT_TARGET = 5.0;
				PRODUCT_NAME = "$(TARGET_NAME)";
				TARGETED_DEVICE_FAMILY = "1,2";
				WRAPPER_EXTENSION = app;
			};
			name = Release;
		};
		CDCE2C981684AB0F00FFAEE5 /* Debug */ = {
			isa = XCBuildConfiguration;
			buildSettings = {
				BUNDLE_LOADER = "$(BUILT_PRODUCTS_DIR)/Projet.app/Projet";
				FRAMEWORK_SEARCH_PATHS = (
					"$(SDKROOT)/Developer/Library/Frameworks",
					"$(DEVELOPER_LIBRARY_DIR)/Frameworks",
				);
				GCC_PRECOMPILE_PREFIX_HEADER = YES;
				GCC_PREFIX_HEADER = "Projet/Projet-Prefix.pch";
				INFOPLIST_FILE = "ProjetTests/ProjetTests-Info.plist";
				PRODUCT_NAME = "$(TARGET_NAME)";
				TEST_HOST = "$(BUNDLE_LOADER)";
				WRAPPER_EXTENSION = octest;
			};
			name = Debug;
		};
		CDCE2C991684AB0F00FFAEE5 /* Release */ = {
			isa = XCBuildConfiguration;
			buildSettings = {
				BUNDLE_LOADER = "$(BUILT_PRODUCTS_DIR)/Projet.app/Projet";
				FRAMEWORK_SEARCH_PATHS = (
					"$(SDKROOT)/Developer/Library/Frameworks",
					"$(DEVELOPER_LIBRARY_DIR)/Frameworks",
				);
				GCC_PRECOMPILE_PREFIX_HEADER = YES;
				GCC_PREFIX_HEADER = "Projet/Projet-Prefix.pch";
				INFOPLIST_FILE = "ProjetTests/ProjetTests-Info.plist";
				PRODUCT_NAME = "$(TARGET_NAME)";
				TEST_HOST = "$(BUNDLE_LOADER)";
				WRAPPER_EXTENSION = octest;
			};
			name = Release;
		};
/* End XCBuildConfiguration section */

/* Begin XCConfigurationList section */
		CDCE2C4D1684AB0F00FFAEE5 /* Build configuration list for PBXProject "Projet" */ = {
			isa = XCConfigurationList;
			buildConfigurations = (
				CDCE2C921684AB0F00FFAEE5 /* Debug */,
				CDCE2C931684AB0F00FFAEE5 /* Release */,
			);
			defaultConfigurationIsVisible = 0;
			defaultConfigurationName = Release;
		};
		CDCE2C941684AB0F00FFAEE5 /* Build configuration list for PBXNativeTarget "Projet" */ = {
			isa = XCConfigurationList;
			buildConfigurations = (
				CDCE2C951684AB0F00FFAEE5 /* Debug */,
				CDCE2C961684AB0F00FFAEE5 /* Release */,
			);
			defaultConfigurationIsVisible = 0;
			defaultConfigurationName = Release;
		};
		CDCE2C971684AB0F00FFAEE5 /* Build configuration list for PBXNativeTarget "ProjetTests" */ = {
			isa = XCConfigurationList;
			buildConfigurations = (
				CDCE2C981684AB0F00FFAEE5 /* Debug */,
				CDCE2C991684AB0F00FFAEE5 /* Release */,
			);
			defaultConfigurationIsVisible = 0;
			defaultConfigurationName = Release;
		};
/* End XCConfigurationList section */
	};
	rootObject = CDCE2C4A1684AB0F00FFAEE5 /* Project object */;
}
